
Microsoft Visual Studio Solution File, Format Version 12.00
# Visual Studio Version 17
VisualStudioVersion = 17.4.33110.190
MinimumVisualStudioVersion = 10.0.40219.1
Project("{FAE04EC0-301F-11D3-BF4B-00C04F79EFBC}") = "IdentityTutorial", "IdentityTutorial\IdentityTutorial.csproj", "{85932312-421A-4246-BFFB-576DEE3A39D3}"
EndProject
Project("{FAE04EC0-301F-11D3-BF4B-00C04F79EFBC}") = "Tests", "Tests\Tests.csproj", "{B245D195-D8D4-4E95-9FA4-7DA652218D13}"
EndProject
Global
	GlobalSection(SolutionConfigurationPlatforms) = preSolution
		Debug|Any CPU = Debug|Any CPU
		Release|Any CPU = Release|Any CPU
	EndGlobalSection
	GlobalSection(ProjectConfigurationPlatforms) = postSolution
		{85932312-421A-4246-BFFB-576DEE3A39D3}.Debug|Any CPU.ActiveCfg = Debug|Any CPU
		{85932312-421A-4246-BFFB-576DEE3A39D3}.Debug|Any CPU.Build.0 = Debug|Any CPU
		{85932312-421A-4246-BFFB-576DEE3A39D3}.Release|Any CPU.ActiveCfg = Release|Any CPU
		{85932312-421A-4246-BFFB-576DEE3A39D3}.Release|Any CPU.Build.0 = Release|Any CPU
		{B245D195-D8D4-4E95-9FA4-7DA652218D13}.Debug|Any CPU.ActiveCfg = Debug|Any CPU
		{B245D195-D8D4-4E95-9FA4-7DA652218D13}.Debug|Any CPU.Build.0 = Debug|Any CPU
		{B245D195-D8D4-4E95-9FA4-7DA652218D13}.Release|Any CPU.ActiveCfg = Release|Any CPU
		{B245D195-D8D4-4E95-9FA4-7DA652218D13}.Release|Any CPU.Build.0 = Release|Any CPU
	EndGlobalSection
	GlobalSection(SolutionProperties) = preSolution
		HideSolutionNode = FALSE
	EndGlobalSection
	GlobalSection(ExtensibilityGlobals) = postSolution
		SolutionGuid = {2E8A1520-DBFE-4D1C-995F-8B1CF9849708}
	EndGlobalSection
EndGlobal
